PODS:
  - Nimble (7.0.1)
  - Quick (1.1.0)
  - Spry (1.1)
  - Spry+Nimble (1.1):
    - Nimble
    - Spry

DEPENDENCIES:
  - Nimble
  - Quick
  - Spry (from `./../`)
  - Spry+Nimble (from `./../`)

EXTERNAL SOURCES:
  Spry:
    :path: "./../"
  Spry+Nimble:
    :path: "./../"

SPEC CHECKSUMS:
  Nimble: 657d000e11df8aebe27cdaf9d244de7f30ed87f7
  Quick: dafc587e21eed9f4cab3249b9f9015b0b7a7f71d
  Spry: be2f1dad6249b81d6a53e747b49f15073b6f9bb5
  Spry+Nimble: fa7a2557f730e5866883399afc8b3aea82767c46

PODFILE CHECKSUM: 132c62485b9fac744661fe95b354f302832fb5d6

COCOAPODS: 1.1.1
