PODS:
  - Nimble (7.0.3)
  - Quick (1.2.0)
  - Spry (3.2)
  - Spry+Nimble (3.2):
    - Nimble (> 7.0.0)
    - Spry (= 3.2)

DEPENDENCIES:
  - Nimble
  - Quick
  - Spry (from `./../`)
  - Spry+Nimble (from `./../`)

EXTERNAL SOURCES:
  Spry:
    :path: ./../
  Spry+Nimble:
    :path: ./../

SPEC CHECKSUMS:
  Nimble: 7f5a9c447a33002645a071bddafbfb24ea70e0ac
  Quick: 58d203b1c5e27fff7229c4c1ae445ad7069a7a08
  Spry: c391cebbe8b69b7626e0fc1b0754b1f3135c10d0
  Spry+Nimble: 29b1a8e43ca2860e069e997e88f7fe6e93808d68

PODFILE CHECKSUM: 132c62485b9fac744661fe95b354f302832fb5d6

COCOAPODS: 1.4.0
