// !$*UTF8*$!
{
	archiveVersion = 1;
	classes = {
	};
	objectVersion = 46;
	objects = {

/* Begin PBXBuildFile section */
		2F3FE29D30F68087B44DD95A34930370 /* LaunchScreen.storyboard in Resources */ = {isa = PBXBuildFile; fileRef = 8177FA10AE8FBC6863B91B3EE8BF5B65 /* LaunchScreen.storyboard */; };
		57CBCC40FB62F35598834594888D463D /* Pods_SpryExample.framework in Frameworks */ = {isa = PBXBuildFile; fileRef = 00407B4E17D87C4A4FB16488A00F0A2A /* Pods_SpryExample.framework */; };
		633A55B10F1912C0502BE2823701CFD9 /* Pods_SpryExampleTests.framework in Frameworks */ = {isa = PBXBuildFile; fileRef = 81EFBFE23E8AB11215735BE58CDEC9C4 /* Pods_SpryExampleTests.framework */; };
		C593C580514601F26E96D69C8AD2F8B9 /* Main.storyboard in Resources */ = {isa = PBXBuildFile; fileRef = F2FC1E4FE7E99073FF1C253643465EE0 /* Main.storyboard */; };
		CB58DCB2E304298F029EB0B5A70AFAB6 /* AppDelegate.swift in Sources */ = {isa = PBXBuildFile; fileRef = 672884D4D0BA5A74D89799B0994702BB /* AppDelegate.swift */; };
		D48E18D0463F013209AD37216B9C538B /* EmptyTest.swift in Sources */ = {isa = PBXBuildFile; fileRef = 0F807D035A2AE993D5C412D7246500D8 /* EmptyTest.swift */; };
		F4BADF9E9C03468CF59D7FCDDF99A3FF /* Assets.xcassets in Resources */ = {isa = PBXBuildFile; fileRef = E051109BCBB53C7B7BAADA64FE19F44C /* Assets.xcassets */; };
		F66BFC8F565F9D0756CD8DE55DFF6D04 /* ViewController.swift in Sources */ = {isa = PBXBuildFile; fileRef = B01E5E3AB64F66CF253211C543202E44 /* ViewController.swift */; };
/* End PBXBuildFile section */

/* Begin PBXContainerItemProxy section */
		4441C8AC9FF61680DF1DD419277B24D9 /* PBXContainerItemProxy */ = {
			isa = PBXContainerItemProxy;
			containerPortal = 27DD7A6280D0FB83D5090359036FC841 /* Project object */;
			proxyType = 1;
			remoteGlobalIDString = 5EB11E2C331B608A54E9F06E476B3DD9;
			remoteInfo = SpryExample;
		};
/* End PBXContainerItemProxy section */

/* Begin PBXFileReference section */
		00407B4E17D87C4A4FB16488A00F0A2A /* Pods_SpryExample.framework */ = {isa = PBXFileReference; explicitFileType = wrapper.framework; includeInIndex = 0; path = Pods_SpryExample.framework; sourceTree = BUILT_PRODUCTS_DIR; };
		0F807D035A2AE993D5C412D7246500D8 /* EmptyTest.swift */ = {isa = PBXFileReference; lastKnownFileType = sourcecode.swift; path = EmptyTest.swift; sourceTree = "<group>"; };
		4A30C52230ADFDE6F8FD6D1C9F0074F4 /* Pods-SpryExampleTests.release.xcconfig */ = {isa = PBXFileReference; includeInIndex = 1; lastKnownFileType = text.xcconfig; name = "Pods-SpryExampleTests.release.xcconfig"; path = "Pods/Target Support Files/Pods-SpryExampleTests/Pods-SpryExampleTests.release.xcconfig"; sourceTree = "<group>"; };
		5047E215D97ABAC6B6086E71D0AE523B /* Pods-SpryExampleTests.debug.xcconfig */ = {isa = PBXFileReference; includeInIndex = 1; lastKnownFileType = text.xcconfig; name = "Pods-SpryExampleTests.debug.xcconfig"; path = "Pods/Target Support Files/Pods-SpryExampleTests/Pods-SpryExampleTests.debug.xcconfig"; sourceTree = "<group>"; };
		672884D4D0BA5A74D89799B0994702BB /* AppDelegate.swift */ = {isa = PBXFileReference; lastKnownFileType = sourcecode.swift; path = AppDelegate.swift; sourceTree = "<group>"; };
		6E003AD526906262B6C8B85D23D1D2CF /* Base */ = {isa = PBXFileReference; lastKnownFileType = file.storyboard; name = Base; path = Base.lproj/LaunchScreen.storyboard; sourceTree = "<group>"; };
		7E05DCBAC5ADE84093597CD190FF448F /* Base */ = {isa = PBXFileReference; lastKnownFileType = file.storyboard; name = Base; path = Base.lproj/Main.storyboard; sourceTree = "<group>"; };
		81EFBFE23E8AB11215735BE58CDEC9C4 /* Pods_SpryExampleTests.framework */ = {isa = PBXFileReference; explicitFileType = wrapper.framework; includeInIndex = 0; path = Pods_SpryExampleTests.framework; sourceTree = BUILT_PRODUCTS_DIR; };
		83B9B4C4F57121C8CFEC2946E6173BCD /* SpryExample.app */ = {isa = PBXFileReference; explicitFileType = wrapper.application; includeInIndex = 0; path = SpryExample.app; sourceTree = BUILT_PRODUCTS_DIR; };
		AA188C9718056FD2AF21D88FB3786FBE /* Info.plist */ = {isa = PBXFileReference; lastKnownFileType = text.plist.xml; path = Info.plist; sourceTree = "<group>"; };
		B01E5E3AB64F66CF253211C543202E44 /* ViewController.swift */ = {isa = PBXFileReference; lastKnownFileType = sourcecode.swift; path = ViewController.swift; sourceTree = "<group>"; };
		B3975AAEB5A938FC475461DCFB0D227D /* Info.plist */ = {isa = PBXFileReference; lastKnownFileType = text.plist.xml; path = Info.plist; sourceTree = "<group>"; };
		E051109BCBB53C7B7BAADA64FE19F44C /* Assets.xcassets */ = {isa = PBXFileReference; lastKnownFileType = folder.assetcatalog; path = Assets.xcassets; sourceTree = "<group>"; };
		E614B477C4FD05D3BED07603BE613F3C /* Pods-SpryExample.release.xcconfig */ = {isa = PBXFileReference; includeInIndex = 1; lastKnownFileType = text.xcconfig; name = "Pods-SpryExample.release.xcconfig"; path = "Pods/Target Support Files/Pods-SpryExample/Pods-SpryExample.release.xcconfig"; sourceTree = "<group>"; };
		EC1717C7C9D1E3C353823F8CAB8C6ADE /* Pods_Tests_SpryExampleTests.framework */ = {isa = PBXFileReference; explicitFileType = wrapper.framework; includeInIndex = 0; path = Pods_Tests_SpryExampleTests.framework; sourceTree = BUILT_PRODUCTS_DIR; };
		F1F3D35CFB07B2830DD5799635D7A027 /* SpryExampleTests.xctest */ = {isa = PBXFileReference; explicitFileType = wrapper.cfbundle; includeInIndex = 0; path = SpryExampleTests.xctest; sourceTree = BUILT_PRODUCTS_DIR; };
		F776F403481578DCC646FC571D4352FF /* Pods-SpryExample.debug.xcconfig */ = {isa = PBXFileReference; includeInIndex = 1; lastKnownFileType = text.xcconfig; name = "Pods-SpryExample.debug.xcconfig"; path = "Pods/Target Support Files/Pods-SpryExample/Pods-SpryExample.debug.xcconfig"; sourceTree = "<group>"; };
/* End PBXFileReference section */

/* Begin PBXFrameworksBuildPhase section */
		16D02D694761FE33D3C0DF7E45B09209 /* Frameworks */ = {
			isa = PBXFrameworksBuildPhase;
			buildActionMask = 2147483647;
			files = (
				57CBCC40FB62F35598834594888D463D /* Pods_SpryExample.framework in Frameworks */,
			);
			runOnlyForDeploymentPostprocessing = 0;
		};
		48637EDB6DFF15227F4155234958CBA9 /* Frameworks */ = {
			isa = PBXFrameworksBuildPhase;
			buildActionMask = 2147483647;
			files = (
				633A55B10F1912C0502BE2823701CFD9 /* Pods_SpryExampleTests.framework in Frameworks */,
			);
			runOnlyForDeploymentPostprocessing = 0;
		};
/* End PBXFrameworksBuildPhase section */

/* Begin PBXGroup section */
		2F3E33B8AFDEC41D243A8F3879D73DE1 /* SpryExampleTests */ = {
			isa = PBXGroup;
			children = (
				0F807D035A2AE993D5C412D7246500D8 /* EmptyTest.swift */,
				AA188C9718056FD2AF21D88FB3786FBE /* Info.plist */,
			);
			path = SpryExampleTests;
			sourceTree = "<group>";
		};
		93AA48DDEBF2C1B5BC579AF1487165C8 /* Frameworks */ = {
			isa = PBXGroup;
			children = (
				00407B4E17D87C4A4FB16488A00F0A2A /* Pods_SpryExample.framework */,
				81EFBFE23E8AB11215735BE58CDEC9C4 /* Pods_SpryExampleTests.framework */,
				EC1717C7C9D1E3C353823F8CAB8C6ADE /* Pods_Tests_SpryExampleTests.framework */,
			);
			name = Frameworks;
			sourceTree = "<group>";
		};
		94D5CB1C659FDEEEDDFD34A552234DBD /* Products */ = {
			isa = PBXGroup;
			children = (
				83B9B4C4F57121C8CFEC2946E6173BCD /* SpryExample.app */,
				F1F3D35CFB07B2830DD5799635D7A027 /* SpryExampleTests.xctest */,
			);
			name = Products;
			sourceTree = "<group>";
		};
		A0EB07B32FCB7F3BEC702D330CF6110D = {
			isa = PBXGroup;
			children = (
				93AA48DDEBF2C1B5BC579AF1487165C8 /* Frameworks */,
				B5546CF33AD717E2E4B8E70B06180954 /* Pods */,
				94D5CB1C659FDEEEDDFD34A552234DBD /* Products */,
				FC88A5812CB1D9714BADC83097A2023A /* SpryExample */,
				2F3E33B8AFDEC41D243A8F3879D73DE1 /* SpryExampleTests */,
			);
			sourceTree = "<group>";
		};
		B5546CF33AD717E2E4B8E70B06180954 /* Pods */ = {
			isa = PBXGroup;
			children = (
				F776F403481578DCC646FC571D4352FF /* Pods-SpryExample.debug.xcconfig */,
				E614B477C4FD05D3BED07603BE613F3C /* Pods-SpryExample.release.xcconfig */,
				5047E215D97ABAC6B6086E71D0AE523B /* Pods-SpryExampleTests.debug.xcconfig */,
				4A30C52230ADFDE6F8FD6D1C9F0074F4 /* Pods-SpryExampleTests.release.xcconfig */,
			);
			name = Pods;
			sourceTree = "<group>";
		};
		FC88A5812CB1D9714BADC83097A2023A /* SpryExample */ = {
			isa = PBXGroup;
			children = (
				672884D4D0BA5A74D89799B0994702BB /* AppDelegate.swift */,
				E051109BCBB53C7B7BAADA64FE19F44C /* Assets.xcassets */,
				B3975AAEB5A938FC475461DCFB0D227D /* Info.plist */,
				8177FA10AE8FBC6863B91B3EE8BF5B65 /* LaunchScreen.storyboard */,
				F2FC1E4FE7E99073FF1C253643465EE0 /* Main.storyboard */,
				B01E5E3AB64F66CF253211C543202E44 /* ViewController.swift */,
			);
			path = SpryExample;
			sourceTree = "<group>";
		};
/* End PBXGroup section */

/* Begin PBXNativeTarget section */
		5EB11E2C331B608A54E9F06E476B3DD9 /* SpryExample */ = {
			isa = PBXNativeTarget;
			buildConfigurationList = C9C706405E6EF80D890D86684E26FF2D /* Build configuration list for PBXNativeTarget "SpryExample" */;
			buildPhases = (
				82FC42A0E6B792FEDA5DD46DA66843FA /* [CP] Check Pods Manifest.lock */,
				0162FC9AAE98BB562D2F9A3D563EEC2C /* Sources */,
				16D02D694761FE33D3C0DF7E45B09209 /* Frameworks */,
				7163CB62EAF97D9E53DB8D5693608F91 /* Resources */,
			);
			buildRules = (
			);
			dependencies = (
			);
			name = SpryExample;
			productName = SpryExample;
			productReference = 83B9B4C4F57121C8CFEC2946E6173BCD /* SpryExample.app */;
			productType = "com.apple.product-type.application";
		};
		9D4610B22124A5632370B27AA571ECCB /* SpryExampleTests */ = {
			isa = PBXNativeTarget;
			buildConfigurationList = 30EA810977FA6894FFB58880A8139C78 /* Build configuration list for PBXNativeTarget "SpryExampleTests" */;
			buildPhases = (
				AAFA903C6CF6E95F101E29FD970E5D5D /* [CP] Check Pods Manifest.lock */,
				0CAEDCD81F788983703F4E1FE55EA345 /* Sources */,
				48637EDB6DFF15227F4155234958CBA9 /* Frameworks */,
				1E7CEFBD413EE4658BF78B65E0AACFA8 /* Resources */,
				83C3472D3B8123C413AE8F05DF7E2F16 /* [CP] Embed Pods Frameworks */,
			);
			buildRules = (
			);
			dependencies = (
				1638174706FBA43513F58CBD8A452EF2 /* PBXTargetDependency */,
			);
			name = SpryExampleTests;
			productName = SpryExampleTests;
			productReference = F1F3D35CFB07B2830DD5799635D7A027 /* SpryExampleTests.xctest */;
			productType = "com.apple.product-type.bundle.unit-test";
		};
/* End PBXNativeTarget section */

/* Begin PBXProject section */
		27DD7A6280D0FB83D5090359036FC841 /* Project object */ = {
			isa = PBXProject;
			attributes = {
				LastSwiftUpdateCheck = 0830;
				LastUpgradeCheck = 1010;
				ORGANIZATIONNAME = "Brian Radebaugh";
				TargetAttributes = {
					5EB11E2C331B608A54E9F06E476B3DD9 = {
						CreatedOnToolsVersion = 8.3.3;
						DevelopmentTeam = XQJAY5KMS4;
						ProvisioningStyle = Automatic;
					};
					9D4610B22124A5632370B27AA571ECCB = {
						CreatedOnToolsVersion = 8.3.3;
						DevelopmentTeam = XQJAY5KMS4;
						LastSwiftMigration = 1240;
						ProvisioningStyle = Automatic;
						TestTargetID = 5EB11E2C331B608A54E9F06E476B3DD9;
					};
				};
			};
			buildConfigurationList = 9ECCF4B07DA48C23EEC2D3FCEEA88A08 /* Build configuration list for PBXProject "SpryExample" */;
			compatibilityVersion = "Xcode 3.2";
			developmentRegion = en;
			hasScannedForEncodings = 0;
			knownRegions = (
				en,
				Base,
			);
			mainGroup = A0EB07B32FCB7F3BEC702D330CF6110D;
			productRefGroup = 94D5CB1C659FDEEEDDFD34A552234DBD /* Products */;
			projectDirPath = "";
			projectRoot = "";
			targets = (
				5EB11E2C331B608A54E9F06E476B3DD9 /* SpryExample */,
				9D4610B22124A5632370B27AA571ECCB /* SpryExampleTests */,
			);
		};
/* End PBXProject section */

/* Begin PBXResourcesBuildPhase section */
		1E7CEFBD413EE4658BF78B65E0AACFA8 /* Resources */ = {
			isa = PBXResourcesBuildPhase;
			buildActionMask = 2147483647;
			files = (
			);
			runOnlyForDeploymentPostprocessing = 0;
		};
		7163CB62EAF97D9E53DB8D5693608F91 /* Resources */ = {
			isa = PBXResourcesBuildPhase;
			buildActionMask = 2147483647;
			files = (
				F4BADF9E9C03468CF59D7FCDDF99A3FF /* Assets.xcassets in Resources */,
				2F3FE29D30F68087B44DD95A34930370 /* LaunchScreen.storyboard in Resources */,
				C593C580514601F26E96D69C8AD2F8B9 /* Main.storyboard in Resources */,
			);
			runOnlyForDeploymentPostprocessing = 0;
		};
/* End PBXResourcesBuildPhase section */

/* Begin PBXShellScriptBuildPhase section */
		82FC42A0E6B792FEDA5DD46DA66843FA /* [CP] Check Pods Manifest.lock */ = {
			isa = PBXShellScriptBuildPhase;
			buildActionMask = 2147483647;
			files = (
			);
			inputPaths = (
				"${PODS_PODFILE_DIR_PATH}/Podfile.lock",
				"${PODS_ROOT}/Manifest.lock",
			);
			name = "[CP] Check Pods Manifest.lock";
			outputPaths = (
				"$(DERIVED_FILE_DIR)/Pods-SpryExample-checkManifestLockResult.txt",
			);
			runOnlyForDeploymentPostprocessing = 0;
			shellPath = /bin/sh;
			shellScript = "diff \"${PODS_PODFILE_DIR_PATH}/Podfile.lock\" \"${PODS_ROOT}/Manifest.lock\" > /dev/null\nif [ $? != 0 ] ; then\n    # print error to STDERR\n    echo \"error: The sandbox is not in sync with the Podfile.lock. Run 'pod install' or update your CocoaPods installation.\" >&2\n    exit 1\nfi\n# This output is used by Xcode 'outputs' to avoid re-running this script phase.\necho \"SUCCESS\" > \"${SCRIPT_OUTPUT_FILE_0}\"\n";
			showEnvVarsInLog = 0;
		};
		83C3472D3B8123C413AE8F05DF7E2F16 /* [CP] Embed Pods Frameworks */ = {
			isa = PBXShellScriptBuildPhase;
			buildActionMask = 2147483647;
			files = (
			);
			inputPaths = (
				"${PODS_ROOT}/Target Support Files/Pods-SpryExampleTests/Pods-SpryExampleTests-frameworks.sh",
				"${BUILT_PRODUCTS_DIR}/Nimble/Nimble.framework",
				"${BUILT_PRODUCTS_DIR}/Quick/Quick.framework",
				"${BUILT_PRODUCTS_DIR}/Spry/Spry.framework",
				"${BUILT_PRODUCTS_DIR}/Spry+Nimble/Spry_Nimble.framework",
			);
			name = "[CP] Embed Pods Frameworks";
			outputPaths = (
				"${TARGET_BUILD_DIR}/${FRAMEWORKS_FOLDER_PATH}/Nimble.framework",
				"${TARGET_BUILD_DIR}/${FRAMEWORKS_FOLDER_PATH}/Quick.framework",
				"${TARGET_BUILD_DIR}/${FRAMEWORKS_FOLDER_PATH}/Spry.framework",
				"${TARGET_BUILD_DIR}/${FRAMEWORKS_FOLDER_PATH}/Spry_Nimble.framework",
			);
			runOnlyForDeploymentPostprocessing = 0;
			shellPath = /bin/sh;
			shellScript = "\"${PODS_ROOT}/Target Support Files/Pods-SpryExampleTests/Pods-SpryExampleTests-frameworks.sh\"\n";
			showEnvVarsInLog = 0;
		};
		AAFA903C6CF6E95F101E29FD970E5D5D /* [CP] Check Pods Manifest.lock */ = {
			isa = PBXShellScriptBuildPhase;
			buildActionMask = 2147483647;
			files = (
			);
			inputPaths = (
				"${PODS_PODFILE_DIR_PATH}/Podfile.lock",
				"${PODS_ROOT}/Manifest.lock",
			);
			name = "[CP] Check Pods Manifest.lock";
			outputPaths = (
				"$(DERIVED_FILE_DIR)/Pods-SpryExampleTests-checkManifestLockResult.txt",
			);
			runOnlyForDeploymentPostprocessing = 0;
			shellPath = /bin/sh;
			shellScript = "diff \"${PODS_PODFILE_DIR_PATH}/Podfile.lock\" \"${PODS_ROOT}/Manifest.lock\" > /dev/null\nif [ $? != 0 ] ; then\n    # print error to STDERR\n    echo \"error: The sandbox is not in sync with the Podfile.lock. Run 'pod install' or update your CocoaPods installation.\" >&2\n    exit 1\nfi\n# This output is used by Xcode 'outputs' to avoid re-running this script phase.\necho \"SUCCESS\" > \"${SCRIPT_OUTPUT_FILE_0}\"\n";
			showEnvVarsInLog = 0;
		};
/* End PBXShellScriptBuildPhase section */

/* Begin PBXSourcesBuildPhase section */
		0162FC9AAE98BB562D2F9A3D563EEC2C /* Sources */ = {
			isa = PBXSourcesBuildPhase;
			buildActionMask = 2147483647;
			files = (
				CB58DCB2E304298F029EB0B5A70AFAB6 /* AppDelegate.swift in Sources */,
				F66BFC8F565F9D0756CD8DE55DFF6D04 /* ViewController.swift in Sources */,
			);
			runOnlyForDeploymentPostprocessing = 0;
		};
		0CAEDCD81F788983703F4E1FE55EA345 /* Sources */ = {
			isa = PBXSourcesBuildPhase;
			buildActionMask = 2147483647;
			files = (
				D48E18D0463F013209AD37216B9C538B /* EmptyTest.swift in Sources */,
			);
			runOnlyForDeploymentPostprocessing = 0;
		};
/* End PBXSourcesBuildPhase section */

/* Begin PBXTargetDependency section */
		1638174706FBA43513F58CBD8A452EF2 /* PBXTargetDependency */ = {
			isa = PBXTargetDependency;
			target = 5EB11E2C331B608A54E9F06E476B3DD9 /* SpryExample */;
			targetProxy = 4441C8AC9FF61680DF1DD419277B24D9 /* PBXContainerItemProxy */;
		};
/* End PBXTargetDependency section */

/* Begin PBXVariantGroup section */
		8177FA10AE8FBC6863B91B3EE8BF5B65 /* LaunchScreen.storyboard */ = {
			isa = PBXVariantGroup;
			children = (
				6E003AD526906262B6C8B85D23D1D2CF /* Base */,
			);
			name = LaunchScreen.storyboard;
			path = .;
			sourceTree = "<group>";
		};
		F2FC1E4FE7E99073FF1C253643465EE0 /* Main.storyboard */ = {
			isa = PBXVariantGroup;
			children = (
				7E05DCBAC5ADE84093597CD190FF448F /* Base */,
			);
			name = Main.storyboard;
			path = .;
			sourceTree = "<group>";
		};
/* End PBXVariantGroup section */

/* Begin XCBuildConfiguration section */
		199A36E7D3CC5761F9DDE0FF11477E92 /* Debug */ = {
			isa = XCBuildConfiguration;
			baseConfigurationReference = 5047E215D97ABAC6B6086E71D0AE523B /* Pods-SpryExampleTests.debug.xcconfig */;
			buildSettings = {
				ALWAYS_EMBED_SWIFT_STANDARD_LIBRARIES = "$(inherited)";
				BUNDLE_LOADER = "$(TEST_HOST)";
				CLANG_ENABLE_MODULES = YES;
				DEVELOPMENT_TEAM = XQJAY5KMS4;
				INFOPLIST_FILE = SpryExampleTests/Info.plist;
				LD_RUNPATH_SEARCH_PATHS = "$(inherited) @executable_path/Frameworks @loader_path/Frameworks";
				PRODUCT_BUNDLE_IDENTIFIER = RIV.SpryExampleTests;
				PRODUCT_NAME = "$(TARGET_NAME)";
				SWIFT_OPTIMIZATION_LEVEL = "-Onone";
				SWIFT_VERSION = 5.0;
				TEST_HOST = "$(BUILT_PRODUCTS_DIR)/SpryExample.app/SpryExample";
			};
			name = Debug;
		};
		64010D65BE6677AC5ED55338E15A196D /* Debug */ = {
			isa = XCBuildConfiguration;
			baseConfigurationReference = F776F403481578DCC646FC571D4352FF /* Pods-SpryExample.debug.xcconfig */;
			buildSettings = {
				ALWAYS_EMBED_SWIFT_STANDARD_LIBRARIES = "$(inherited)";
				ASSETCATALOG_COMPILER_APPICON_NAME = AppIcon;
				DEVELOPMENT_TEAM = XQJAY5KMS4;
				INFOPLIST_FILE = SpryExample/Info.plist;
				LD_RUNPATH_SEARCH_PATHS = "$(inherited) @executable_path/Frameworks";
				PRODUCT_BUNDLE_IDENTIFIER = RIV.SpryExample;
				PRODUCT_NAME = "$(TARGET_NAME)";
			};
			name = Debug;
		};
		72616CA237B77D02B45FB9E18EF51479 /* Debug */ = {
			isa = XCBuildConfiguration;
			buildSettings = {
				ALWAYS_EMBED_SWIFT_STANDARD_LIBRARIES = "$(inherited)";
				ALWAYS_SEARCH_USER_PATHS = NO;
				CLANG_ANALYZER_LOCALIZABILITY_NONLOCALIZED = YES;
				CLANG_ANALYZER_NONNULL = YES;
				CLANG_ANALYZER_NUMBER_OBJECT_CONVERSION = YES_AGGRESSIVE;
				CLANG_CXX_LANGUAGE_STANDARD = "gnu++0x";
				CLANG_CXX_LIBRARY = "libc++";
				CLANG_ENABLE_MODULES = YES;
				CLANG_ENABLE_OBJC_ARC = YES;
				CLANG_WARN_BLOCK_CAPTURE_AUTORELEASING = YES;
				CLANG_WARN_BOOL_CONVERSION = YES;
				CLANG_WARN_COMMA = YES;
				CLANG_WARN_CONSTANT_CONVERSION = YES;
				CLANG_WARN_DEPRECATED_OBJC_IMPLEMENTATIONS = YES;
				CLANG_WARN_DIRECT_OBJC_ISA_USAGE = YES_ERROR;
				CLANG_WARN_DOCUMENTATION_COMMENTS = YES;
				CLANG_WARN_EMPTY_BODY = YES;
				CLANG_WARN_ENUM_CONVERSION = YES;
				CLANG_WARN_INFINITE_RECURSION = YES;
				CLANG_WARN_INT_CONVERSION = YES;
				CLANG_WARN_NON_LITERAL_NULL_CONVERSION = YES;
				CLANG_WARN_OBJC_IMPLICIT_RETAIN_SELF = YES;
				CLANG_WARN_OBJC_LITERAL_CONVERSION = YES;
				CLANG_WARN_OBJC_ROOT_CLASS = YES_ERROR;
				CLANG_WARN_RANGE_LOOP_ANALYSIS = YES;
				CLANG_WARN_STRICT_PROTOTYPES = YES;
				CLANG_WARN_SUSPICIOUS_MOVE = YES;
				CLANG_WARN_UNREACHABLE_CODE = YES;
				CLANG_WARN__DUPLICATE_METHOD_MATCH = YES;
				"CODE_SIGN_IDENTITY[sdk=iphoneos*]" = "iPhone Developer";
				COPY_PHASE_STRIP = NO;
				DEBUG_INFORMATION_FORMAT = dwarf;
				ENABLE_STRICT_OBJC_MSGSEND = YES;
				ENABLE_TESTABILITY = YES;
				GCC_C_LANGUAGE_STANDARD = gnu99;
				GCC_DYNAMIC_NO_PIC = NO;
				GCC_NO_COMMON_BLOCKS = YES;
				GCC_OPTIMIZATION_LEVEL = 0;
				GCC_PREPROCESSOR_DEFINITIONS = (
					"DEBUG=1",
					"$(inherited)",
				);
				GCC_WARN_64_TO_32_BIT_CONVERSION = YES;
				GCC_WARN_ABOUT_RETURN_TYPE = YES_ERROR;
				GCC_WARN_UNDECLARED_SELECTOR = YES;
				GCC_WARN_UNINITIALIZED_AUTOS = YES_AGGRESSIVE;
				GCC_WARN_UNUSED_FUNCTION = YES;
				GCC_WARN_UNUSED_VARIABLE = YES;
				IPHONEOS_DEPLOYMENT_TARGET = 10.0;
				MTL_ENABLE_DEBUG_INFO = YES;
				ONLY_ACTIVE_ARCH = YES;
				SDKROOT = iphoneos;
				SWIFT_ACTIVE_COMPILATION_CONDITIONS = DEBUG;
				SWIFT_OPTIMIZATION_LEVEL = "-Onone";
				SWIFT_VERSION = 5.0;
				TARGETED_DEVICE_FAMILY = "1,2";
			};
			name = Debug;
		};
		98C8397D2295A754488613A513B8EFA0 /* Release */ = {
			isa = XCBuildConfiguration;
			baseConfigurationReference = E614B477C4FD05D3BED07603BE613F3C /* Pods-SpryExample.release.xcconfig */;
			buildSettings = {
				ALWAYS_EMBED_SWIFT_STANDARD_LIBRARIES = "$(inherited)";
				ASSETCATALOG_COMPILER_APPICON_NAME = AppIcon;
				DEVELOPMENT_TEAM = XQJAY5KMS4;
				INFOPLIST_FILE = SpryExample/Info.plist;
				LD_RUNPATH_SEARCH_PATHS = "$(inherited) @executable_path/Frameworks";
				PRODUCT_BUNDLE_IDENTIFIER = RIV.SpryExample;
				PRODUCT_NAME = "$(TARGET_NAME)";
			};
			name = Release;
		};
		C8EEC7592126CDD797496404FD252CED /* Release */ = {
			isa = XCBuildConfiguration;
			buildSettings = {
				ALWAYS_EMBED_SWIFT_STANDARD_LIBRARIES = "$(inherited)";
				ALWAYS_SEARCH_USER_PATHS = NO;
				CLANG_ANALYZER_LOCALIZABILITY_NONLOCALIZED = YES;
				CLANG_ANALYZER_NONNULL = YES;
				CLANG_ANALYZER_NUMBER_OBJECT_CONVERSION = YES_AGGRESSIVE;
				CLANG_CXX_LANGUAGE_STANDARD = "gnu++0x";
				CLANG_CXX_LIBRARY = "libc++";
				CLANG_ENABLE_MODULES = YES;
				CLANG_ENABLE_OBJC_ARC = YES;
				CLANG_WARN_BLOCK_CAPTURE_AUTORELEASING = YES;
				CLANG_WARN_BOOL_CONVERSION = YES;
				CLANG_WARN_COMMA = YES;
				CLANG_WARN_CONSTANT_CONVERSION = YES;
				CLANG_WARN_DEPRECATED_OBJC_IMPLEMENTATIONS = YES;
				CLANG_WARN_DIRECT_OBJC_ISA_USAGE = YES_ERROR;
				CLANG_WARN_DOCUMENTATION_COMMENTS = YES;
				CLANG_WARN_EMPTY_BODY = YES;
				CLANG_WARN_ENUM_CONVERSION = YES;
				CLANG_WARN_INFINITE_RECURSION = YES;
				CLANG_WARN_INT_CONVERSION = YES;
				CLANG_WARN_NON_LITERAL_NULL_CONVERSION = YES;
				CLANG_WARN_OBJC_IMPLICIT_RETAIN_SELF = YES;
				CLANG_WARN_OBJC_LITERAL_CONVERSION = YES;
				CLANG_WARN_OBJC_ROOT_CLASS = YES_ERROR;
				CLANG_WARN_RANGE_LOOP_ANALYSIS = YES;
				CLANG_WARN_STRICT_PROTOTYPES = YES;
				CLANG_WARN_SUSPICIOUS_MOVE = YES;
				CLANG_WARN_UNREACHABLE_CODE = YES;
				CLANG_WARN__DUPLICATE_METHOD_MATCH = YES;
				"CODE_SIGN_IDENTITY[sdk=iphoneos*]" = "iPhone Developer";
				COPY_PHASE_STRIP = NO;
				DEBUG_INFORMATION_FORMAT = "dwarf-with-dsym";
				ENABLE_NS_ASSERTIONS = NO;
				ENABLE_STRICT_OBJC_MSGSEND = YES;
				GCC_C_LANGUAGE_STANDARD = gnu99;
				GCC_NO_COMMON_BLOCKS = YES;
				GCC_WARN_64_TO_32_BIT_CONVERSION = YES;
				GCC_WARN_ABOUT_RETURN_TYPE = YES_ERROR;
				GCC_WARN_UNDECLARED_SELECTOR = YES;
				GCC_WARN_UNINITIALIZED_AUTOS = YES_AGGRESSIVE;
				GCC_WARN_UNUSED_FUNCTION = YES;
				GCC_WARN_UNUSED_VARIABLE = YES;
				IPHONEOS_DEPLOYMENT_TARGET = 10.0;
				MTL_ENABLE_DEBUG_INFO = NO;
				SDKROOT = iphoneos;
				SWIFT_OPTIMIZATION_LEVEL = "-Owholemodule";
				SWIFT_VERSION = 5.0;
				TARGETED_DEVICE_FAMILY = "1,2";
				VALIDATE_PRODUCT = YES;
			};
			name = Release;
		};
		F03CBF39421E897634DFFE2776A9C735 /* Release */ = {
			isa = XCBuildConfiguration;
			baseConfigurationReference = 4A30C52230ADFDE6F8FD6D1C9F0074F4 /* Pods-SpryExampleTests.release.xcconfig */;
			buildSettings = {
				ALWAYS_EMBED_SWIFT_STANDARD_LIBRARIES = "$(inherited)";
				BUNDLE_LOADER = "$(TEST_HOST)";
				CLANG_ENABLE_MODULES = YES;
				DEVELOPMENT_TEAM = XQJAY5KMS4;
				INFOPLIST_FILE = SpryExampleTests/Info.plist;
				LD_RUNPATH_SEARCH_PATHS = "$(inherited) @executable_path/Frameworks @loader_path/Frameworks";
				PRODUCT_BUNDLE_IDENTIFIER = RIV.SpryExampleTests;
				PRODUCT_NAME = "$(TARGET_NAME)";
				SWIFT_VERSION = 5.0;
				TEST_HOST = "$(BUILT_PRODUCTS_DIR)/SpryExample.app/SpryExample";
			};
			name = Release;
		};
/* End XCBuildConfiguration section */

/* Begin XCConfigurationList section */
		30EA810977FA6894FFB58880A8139C78 /* Build configuration list for PBXNativeTarget "SpryExampleTests" */ = {
			isa = XCConfigurationList;
			buildConfigurations = (
				199A36E7D3CC5761F9DDE0FF11477E92 /* Debug */,
				F03CBF39421E897634DFFE2776A9C735 /* Release */,
			);
			defaultConfigurationIsVisible = 0;
			defaultConfigurationName = Release;
		};
		9ECCF4B07DA48C23EEC2D3FCEEA88A08 /* Build configuration list for PBXProject "SpryExample" */ = {
			isa = XCConfigurationList;
			buildConfigurations = (
				72616CA237B77D02B45FB9E18EF51479 /* Debug */,
				C8EEC7592126CDD797496404FD252CED /* Release */,
			);
			defaultConfigurationIsVisible = 0;
			defaultConfigurationName = Release;
		};
		C9C706405E6EF80D890D86684E26FF2D /* Build configuration list for PBXNativeTarget "SpryExample" */ = {
			isa = XCConfigurationList;
			buildConfigurations = (
				64010D65BE6677AC5ED55338E15A196D /* Debug */,
				98C8397D2295A754488613A513B8EFA0 /* Release */,
			);
			defaultConfigurationIsVisible = 0;
			defaultConfigurationName = Release;
		};
/* End XCConfigurationList section */
	};
	rootObject = 27DD7A6280D0FB83D5090359036FC841 /* Project object */;
}
